PODS:
  - Alamofire (5.0.5)
  - SDWebImage (5.7.3):
    - SDWebImage/Core (= 5.7.3)
  - SDWebImage/Core (5.7.3)

DEPENDENCIES:
  - Alamofire (~> 5.0.5)
  - SDWebImage (~> 5.7.3)

SPEC REPOS:
  trunk:
    - Alamofire
    - SDWebImage

SPEC CHECKSUMS:
  Alamofire: df2f8f826963b08b9a870791ad48e07a10090b2e
  SDWebImage: 97351f6582ceca541ea294ba66a1fcb342a331c2

PODFILE CHECKSUM: 090d4823bedc2aa320b4f7f8175d08bdbeefa99e

COCOAPODS: 1.9.0
